
Microsoft Visual Studio Solution File, Format Version 12.00
# Visual Studio 15
VisualStudioVersion = 15.0.28307.271
MinimumVisualStudioVersion = 10.0.40219.1
Project("{888888A0-9F3D-457C-B088-3A5042F75D52}") = "MyDashApp", "MyDashApp\MyDashApp.pyproj", "{0DC83DCD-E210-4F1E-B2A0-8162EAE3729A}"
EndProject
Global
	GlobalSection(SolutionConfigurationPlatforms) = preSolution
		Debug|Any CPU = Debug|Any CPU
		Release|Any CPU = Release|Any CPU
	EndGlobalSection
	GlobalSection(ProjectConfigurationPlatforms) = postSolution
		{0DC83DCD-E210-4F1E-B2A0-8162EAE3729A}.Debug|Any CPU.ActiveCfg = Debug|Any CPU
		{0DC83DCD-E210-4F1E-B2A0-8162EAE3729A}.Debug|Any CPU.Build.0 = Debug|Any CPU
		{0DC83DCD-E210-4F1E-B2A0-8162EAE3729A}.Release|Any CPU.ActiveCfg = Release|Any CPU
		{0DC83DCD-E210-4F1E-B2A0-8162EAE3729A}.Release|Any CPU.Build.0 = Release|Any CPU
	EndGlobalSection
	GlobalSection(SolutionProperties) = preSolution
		HideSolutionNode = FALSE
	EndGlobalSection
	GlobalSection(ExtensibilityGlobals) = postSolution
		SolutionGuid = {980F31E7-A792-4D4E-A738-AC01401207EE}
	EndGlobalSection
EndGlobal
